// !$*UTF8*$!
{
	archiveVersion = 1;
	classes = {
	};
	objectVersion = 51;
	objects = {

/* Begin PBXBuildFile section */
		0A1F430525310A84000D532F /* HomeViewController.m in Sources */ = {isa = PBXBuildFile; fileRef = 0A1F430425310A84000D532F /* HomeViewController.m */; };
		0D434077252BB57A0025D600 /* AppDelegate.m in Sources */ = {isa = PBXBuildFile; fileRef = 0D434076252BB57A0025D600 /* AppDelegate.m */; };
		0D43407A252BB57A0025D600 /* SceneDelegate.m in Sources */ = {isa = PBXBuildFile; fileRef = 0D434079252BB57A0025D600 /* SceneDelegate.m */; };
		0D43407D252BB57A0025D600 /* MultipleFlutterViewController.m in Sources */ = {isa = PBXBuildFile; fileRef = 0D43407C252BB57A0025D600 /* MultipleFlutterViewController.m */; };
		0D434080252BB57A0025D600 /* Main.storyboard in Resources */ = {isa = PBXBuildFile; fileRef = 0D43407E252BB57A0025D600 /* Main.storyboard */; };
		0D434082252BB57B0025D600 /* Assets.xcassets in Resources */ = {isa = PBXBuildFile; fileRef = 0D434081252BB57B0025D600 /* Assets.xcassets */; };
		0D434085252BB57B0025D600 /* LaunchScreen.storyboard in Resources */ = {isa = PBXBuildFile; fileRef = 0D434083252BB57B0025D600 /* LaunchScreen.storyboard */; };
		0D434088252BB57B0025D600 /* main.m in Sources */ = {isa = PBXBuildFile; fileRef = 0D434087252BB57B0025D600 /* main.m */; };
		0D434090252BD0380025D600 /* NavController.m in Sources */ = {isa = PBXBuildFile; fileRef = 0D43408F252BD0380025D600 /* NavController.m */; };
		9FB7A2055FEE75E1D4A7A8CF /* libPods-DoubleEngine.a in Frameworks */ = {isa = PBXBuildFile; fileRef = CFAB059EC15069EC6DB6388B /* libPods-DoubleEngine.a */; };
/* End PBXBuildFile section */

/* Begin PBXFileReference section */
		0A1F430325310A84000D532F /* HomeViewController.h */ = {isa = PBXFileReference; lastKnownFileType = sourcecode.c.h; path = HomeViewController.h; sourceTree = "<group>"; };
		0A1F430425310A84000D532F /* HomeViewController.m */ = {isa = PBXFileReference; lastKnownFileType = sourcecode.c.objc; path = HomeViewController.m; sourceTree = "<group>"; };
		0D434072252BB57A0025D600 /* DoubleEngine.app */ = {isa = PBXFileReference; explicitFileType = wrapper.application; includeInIndex = 0; path = DoubleEngine.app; sourceTree = BUILT_PRODUCTS_DIR; };
		0D434075252BB57A0025D600 /* AppDelegate.h */ = {isa = PBXFileReference; lastKnownFileType = sourcecode.c.h; path = AppDelegate.h; sourceTree = "<group>"; };
		0D434076252BB57A0025D600 /* AppDelegate.m */ = {isa = PBXFileReference; lastKnownFileType = sourcecode.c.objc; path = AppDelegate.m; sourceTree = "<group>"; };
		0D434078252BB57A0025D600 /* SceneDelegate.h */ = {isa = PBXFileReference; lastKnownFileType = sourcecode.c.h; path = SceneDelegate.h; sourceTree = "<group>"; };
		0D434079252BB57A0025D600 /* SceneDelegate.m */ = {isa = PBXFileReference; lastKnownFileType = sourcecode.c.objc; path = SceneDelegate.m; sourceTree = "<group>"; };
		0D43407B252BB57A0025D600 /* MultipleFlutterViewController.h */ = {isa = PBXFileReference; lastKnownFileType = sourcecode.c.h; path = MultipleFlutterViewController.h; sourceTree = "<group>"; };
		0D43407C252BB57A0025D600 /* MultipleFlutterViewController.m */ = {isa = PBXFileReference; lastKnownFileType = sourcecode.c.objc; path = MultipleFlutterViewController.m; sourceTree = "<group>"; };
		0D43407F252BB57A0025D600 /* Base */ = {isa = PBXFileReference; lastKnownFileType = file.storyboard; name = Base; path = Base.lproj/Main.storyboard; sourceTree = "<group>"; };
		0D434081252BB57B0025D600 /* Assets.xcassets */ = {isa = PBXFileReference; lastKnownFileType = folder.assetcatalog; path = Assets.xcassets; sourceTree = "<group>"; };
		0D434084252BB57B0025D600 /* Base */ = {isa = PBXFileReference; lastKnownFileType = file.storyboard; name = Base; path = Base.lproj/LaunchScreen.storyboard; sourceTree = "<group>"; };
		0D434086252BB57B0025D600 /* Info.plist */ = {isa = PBXFileReference; lastKnownFileType = text.plist.xml; path = Info.plist; sourceTree = "<group>"; };
		0D434087252BB57B0025D600 /* main.m */ = {isa = PBXFileReference; lastKnownFileType = sourcecode.c.objc; path = main.m; sourceTree = "<group>"; };
		0D43408E252BD0380025D600 /* NavController.h */ = {isa = PBXFileReference; lastKnownFileType = sourcecode.c.h; path = NavController.h; sourceTree = "<group>"; };
		0D43408F252BD0380025D600 /* NavController.m */ = {isa = PBXFileReference; lastKnownFileType = sourcecode.c.objc; path = NavController.m; sourceTree = "<group>"; };
		1287EF927D7B03D6286DA90E /* Pods-DoubleEngine.debug.xcconfig */ = {isa = PBXFileReference; includeInIndex = 1; lastKnownFileType = text.xcconfig; name = "Pods-DoubleEngine.debug.xcconfig"; path = "Target Support Files/Pods-DoubleEngine/Pods-DoubleEngine.debug.xcconfig"; sourceTree = "<group>"; };
		738E91979E75A7653607E420 /* Pods-DoubleEngine.profile.xcconfig */ = {isa = PBXFileReference; includeInIndex = 1; lastKnownFileType = text.xcconfig; name = "Pods-DoubleEngine.profile.xcconfig"; path = "Target Support Files/Pods-DoubleEngine/Pods-DoubleEngine.profile.xcconfig"; sourceTree = "<group>"; };
		77FFAD3D2B40898803EC6AFA /* Pods-DoubleEngine.release.xcconfig */ = {isa = PBXFileReference; includeInIndex = 1; lastKnownFileType = text.xcconfig; name = "Pods-DoubleEngine.release.xcconfig"; path = "Target Support Files/Pods-DoubleEngine/Pods-DoubleEngine.release.xcconfig"; sourceTree = "<group>"; };
		CFAB059EC15069EC6DB6388B /* libPods-DoubleEngine.a */ = {isa = PBXFileReference; explicitFileType = archive.ar; includeInIndex = 0; path = "libPods-DoubleEngine.a"; sourceTree = BUILT_PRODUCTS_DIR; };
/* End PBXFileReference section */

/* Begin PBXFrameworksBuildPhase section */
		0D43406F252BB57A0025D600 /* Frameworks */ = {
			isa = PBXFrameworksBuildPhase;
			buildActionMask = 2147483647;
			files = (
				9FB7A2055FEE75E1D4A7A8CF /* libPods-DoubleEngine.a in Frameworks */,
			);
			runOnlyForDeploymentPostprocessing = 0;
		};
/* End PBXFrameworksBuildPhase section */

/* Begin PBXGroup section */
		0D434069252BB57A0025D600 = {
			isa = PBXGroup;
			children = (
				0D434074252BB57A0025D600 /* DoubleEngine */,
				0D434073252BB57A0025D600 /* Products */,
				3744E21BC7E636768BBAC53F /* Pods */,
				7632BF5D5E2D8AC5A80491C9 /* Frameworks */,
			);
			sourceTree = "<group>";
		};
		0D434073252BB57A0025D600 /* Products */ = {
			isa = PBXGroup;
			children = (
				0D434072252BB57A0025D600 /* DoubleEngine.app */,
			);
			name = Products;
			sourceTree = "<group>";
		};
		0D434074252BB57A0025D600 /* DoubleEngine */ = {
			isa = PBXGroup;
			children = (
				0D434075252BB57A0025D600 /* AppDelegate.h */,
				0D434076252BB57A0025D600 /* AppDelegate.m */,
				0D434078252BB57A0025D600 /* SceneDelegate.h */,
				0D434079252BB57A0025D600 /* SceneDelegate.m */,
				0D43407B252BB57A0025D600 /* MultipleFlutterViewController.h */,
				0D43407C252BB57A0025D600 /* MultipleFlutterViewController.m */,
				0D43407E252BB57A0025D600 /* Main.storyboard */,
				0D434081252BB57B0025D600 /* Assets.xcassets */,
				0D434083252BB57B0025D600 /* LaunchScreen.storyboard */,
				0D434086252BB57B0025D600 /* Info.plist */,
				0D434087252BB57B0025D600 /* main.m */,
				0D43408E252BD0380025D600 /* NavController.h */,
				0D43408F252BD0380025D600 /* NavController.m */,
				0A1F430325310A84000D532F /* HomeViewController.h */,
				0A1F430425310A84000D532F /* HomeViewController.m */,
			);
			path = DoubleEngine;
			sourceTree = "<group>";
		};
		3744E21BC7E636768BBAC53F /* Pods */ = {
			isa = PBXGroup;
			children = (
				1287EF927D7B03D6286DA90E /* Pods-DoubleEngine.debug.xcconfig */,
				77FFAD3D2B40898803EC6AFA /* Pods-DoubleEngine.release.xcconfig */,
				738E91979E75A7653607E420 /* Pods-DoubleEngine.profile.xcconfig */,
			);
			path = Pods;
			sourceTree = "<group>";
		};
		7632BF5D5E2D8AC5A80491C9 /* Frameworks */ = {
			isa = PBXGroup;
			children = (
				CFAB059EC15069EC6DB6388B /* libPods-DoubleEngine.a */,
			);
			name = Frameworks;
			sourceTree = "<group>";
		};
/* End PBXGroup section */

/* Begin PBXNativeTarget section */
		0D434071252BB57A0025D600 /* DoubleEngine */ = {
			isa = PBXNativeTarget;
			buildConfigurationList = 0D43408B252BB57B0025D600 /* Build configuration list for PBXNativeTarget "DoubleEngine" */;
			buildPhases = (
				4EF527A7A1C3B61F9E1603B4 /* [CP] Check Pods Manifest.lock */,
				003F7D6999A39C7046A9F596 /* [CP-User] Run Flutter Build double_engine Script */,
				0D43406E252BB57A0025D600 /* Sources */,
				0D43406F252BB57A0025D600 /* Frameworks */,
				0D434070252BB57A0025D600 /* Resources */,
				4E939E8D2CF2EE9E0540F622 /* [CP] Embed Pods Frameworks */,
			);
			buildRules = (
			);
			dependencies = (
			);
			name = DoubleEngine;
			productName = DoubleEngine;
			productReference = 0D434072252BB57A0025D600 /* DoubleEngine.app */;
			productType = "com.apple.product-type.application";
		};
/* End PBXNativeTarget section */

/* Begin PBXProject section */
		0D43406A252BB57A0025D600 /* Project object */ = {
			isa = PBXProject;
			attributes = {
				LastUpgradeCheck = 1200;
				TargetAttributes = {
					0D434071252BB57A0025D600 = {
						CreatedOnToolsVersion = 12.0;
					};
				};
			};
			buildConfigurationList = 0D43406D252BB57A0025D600 /* Build configuration list for PBXProject "DoubleEngine" */;
			compatibilityVersion = "Xcode 9.3";
			developmentRegion = en;
			hasScannedForEncodings = 0;
			knownRegions = (
				en,
				Base,
			);
			mainGroup = 0D434069252BB57A0025D600;
			productRefGroup = 0D434073252BB57A0025D600 /* Products */;
			projectDirPath = "";
			projectRoot = "";
			targets = (
				0D434071252BB57A0025D600 /* DoubleEngine */,
			);
		};
/* End PBXProject section */

/* Begin PBXResourcesBuildPhase section */
		0D434070252BB57A0025D600 /* Resources */ = {
			isa = PBXResourcesBuildPhase;
			buildActionMask = 2147483647;
			files = (
				0D434085252BB57B0025D600 /* LaunchScreen.storyboard in Resources */,
				0D434082252BB57B0025D600 /* Assets.xcassets in Resources */,
				0D434080252BB57A0025D600 /* Main.storyboard in Resources */,
			);
			runOnlyForDeploymentPostprocessing = 0;
		};
/* End PBXResourcesBuildPhase section */

/* Begin PBXShellScriptBuildPhase section */
		003F7D6999A39C7046A9F596 /* [CP-User] Run Flutter Build double_engine Script */ = {
			isa = PBXShellScriptBuildPhase;
			buildActionMask = 2147483647;
			files = (
			);
			inputPaths = (
				"${SRCROOT}/./DoubleEngine/double_engine/.metadata",
				"${SRCROOT}/DoubleEngine/double_engine/.ios/Flutter/App.framework/App",
				"${SRCROOT}/DoubleEngine/double_engine/.ios/Flutter/engine/Flutter.framework/Flutter",
				"${SRCROOT}/DoubleEngine/double_engine/.ios/Flutter/flutter_export_environment.sh",
			);
			name = "[CP-User] Run Flutter Build double_engine Script";
			runOnlyForDeploymentPostprocessing = 0;
			shellPath = /bin/sh;
			shellScript = "set -e\nset -u\nsource \"${SRCROOT}/DoubleEngine/double_engine/.ios/Flutter/flutter_export_environment.sh\"\n\"$FLUTTER_ROOT\"/packages/flutter_tools/bin/xcode_backend.sh build";
		};
		4E939E8D2CF2EE9E0540F622 /* [CP] Embed Pods Frameworks */ = {
			isa = PBXShellScriptBuildPhase;
			buildActionMask = 2147483647;
			files = (
			);
			inputFileListPaths = (
				"${PODS_ROOT}/Target Support Files/Pods-DoubleEngine/Pods-DoubleEngine-frameworks-${CONFIGURATION}-input-files.xcfilelist",
			);
			name = "[CP] Embed Pods Frameworks";
			outputFileListPaths = (
				"${PODS_ROOT}/Target Support Files/Pods-DoubleEngine/Pods-DoubleEngine-frameworks-${CONFIGURATION}-output-files.xcfilelist",
			);
			runOnlyForDeploymentPostprocessing = 0;
			shellPath = /bin/sh;
			shellScript = "\"${PODS_ROOT}/Target Support Files/Pods-DoubleEngine/Pods-DoubleEngine-frameworks.sh\"\n";
			showEnvVarsInLog = 0;
		};
		4EF527A7A1C3B61F9E1603B4 /* [CP] Check Pods Manifest.lock */ = {
			isa = PBXShellScriptBuildPhase;
			buildActionMask = 2147483647;
			files = (
			);
			inputFileListPaths = (
			);
			inputPaths = (
				"${PODS_PODFILE_DIR_PATH}/Podfile.lock",
				"${PODS_ROOT}/Manifest.lock",
			);
			name = "[CP] Check Pods Manifest.lock";
			outputFileListPaths = (
			);
			outputPaths = (
				"$(DERIVED_FILE_DIR)/Pods-DoubleEngine-checkManifestLockResult.txt",
			);
			runOnlyForDeploymentPostprocessing = 0;
			shellPath = /bin/sh;
			shellScript = "diff \"${PODS_PODFILE_DIR_PATH}/Podfile.lock\" \"${PODS_ROOT}/Manifest.lock\" > /dev/null\nif [ $? != 0 ] ; then\n    # print error to STDERR\n    echo \"error: The sandbox is not in sync with the Podfile.lock. Run 'pod install' or update your CocoaPods installation.\" >&2\n    exit 1\nfi\n# This output is used by Xcode 'outputs' to avoid re-running this script phase.\necho \"SUCCESS\" > \"${SCRIPT_OUTPUT_FILE_0}\"\n";
			showEnvVarsInLog = 0;
		};
/* End PBXShellScriptBuildPhase section */

/* Begin PBXSourcesBuildPhase section */
		0D43406E252BB57A0025D600 /* Sources */ = {
			isa = PBXSourcesBuildPhase;
			buildActionMask = 2147483647;
			files = (
				0D43407D252BB57A0025D600 /* MultipleFlutterViewController.m in Sources */,
				0D434077252BB57A0025D600 /* AppDelegate.m in Sources */,
				0D434090252BD0380025D600 /* NavController.m in Sources */,
				0D434088252BB57B0025D600 /* main.m in Sources */,
				0D43407A252BB57A0025D600 /* SceneDelegate.m in Sources */,
				0A1F430525310A84000D532F /* HomeViewController.m in Sources */,
			);
			runOnlyForDeploymentPostprocessing = 0;
		};
/* End PBXSourcesBuildPhase section */

/* Begin PBXVariantGroup section */
		0D43407E252BB57A0025D600 /* Main.storyboard */ = {
			isa = PBXVariantGroup;
			children = (
				0D43407F252BB57A0025D600 /* Base */,
			);
			name = Main.storyboard;
			sourceTree = "<group>";
		};
		0D434083252BB57B0025D600 /* LaunchScreen.storyboard */ = {
			isa = PBXVariantGroup;
			children = (
				0D434084252BB57B0025D600 /* Base */,
			);
			name = LaunchScreen.storyboard;
			sourceTree = "<group>";
		};
/* End PBXVariantGroup section */

/* Begin XCBuildConfiguration section */
		0A1F42F72530E002000D532F /* Profile */ = {
			isa = XCBuildConfiguration;
			buildSettings = {
				ALWAYS_SEARCH_USER_PATHS = NO;
				CLANG_ANALYZER_NONNULL = YES;
				CLANG_ANALYZER_NUMBER_OBJECT_CONVERSION = YES_AGGRESSIVE;
				CLANG_CXX_LANGUAGE_STANDARD = "gnu++14";
				CLANG_CXX_LIBRARY = "libc++";
				CLANG_ENABLE_MODULES = YES;
				CLANG_ENABLE_OBJC_ARC = YES;
				CLANG_ENABLE_OBJC_WEAK = YES;
				CLANG_WARN_BLOCK_CAPTURE_AUTORELEASING = YES;
				CLANG_WARN_BOOL_CONVERSION = YES;
				CLANG_WARN_COMMA = YES;
				CLANG_WARN_CONSTANT_CONVERSION = YES;
				CLANG_WARN_DEPRECATED_OBJC_IMPLEMENTATIONS = YES;
				CLANG_WARN_DIRECT_OBJC_ISA_USAGE = YES_ERROR;
				CLANG_WARN_DOCUMENTATION_COMMENTS = YES;
				CLANG_WARN_EMPTY_BODY = YES;
				CLANG_WARN_ENUM_CONVERSION = YES;
				CLANG_WARN_INFINITE_RECURSION = YES;
				CLANG_WARN_INT_CONVERSION = YES;
				CLANG_WARN_NON_LITERAL_NULL_CONVERSION = YES;
				CLANG_WARN_OBJC_IMPLICIT_RETAIN_SELF = YES;
				CLANG_WARN_OBJC_LITERAL_CONVERSION = YES;
				CLANG_WARN_OBJC_ROOT_CLASS = YES_ERROR;
				CLANG_WARN_QUOTED_INCLUDE_IN_FRAMEWORK_HEADER = YES;
				CLANG_WARN_RANGE_LOOP_ANALYSIS = YES;
				CLANG_WARN_STRICT_PROTOTYPES = YES;
				CLANG_WARN_SUSPICIOUS_MOVE = YES;
				CLANG_WARN_UNGUARDED_AVAILABILITY = YES_AGGRESSIVE;
				CLANG_WARN_UNREACHABLE_CODE = YES;
				CLANG_WARN__DUPLICATE_METHOD_MATCH = YES;
				COPY_PHASE_STRIP = NO;
				DEBUG_INFORMATION_FORMAT = "dwarf-with-dsym";
				ENABLE_NS_ASSERTIONS = NO;
				ENABLE_STRICT_OBJC_MSGSEND = YES;
				GCC_C_LANGUAGE_STANDARD = gnu11;
				GCC_NO_COMMON_BLOCKS = YES;
				GCC_WARN_64_TO_32_BIT_CONVERSION = YES;
				GCC_WARN_ABOUT_RETURN_TYPE = YES_ERROR;
				GCC_WARN_UNDECLARED_SELECTOR = YES;
				GCC_WARN_UNINITIALIZED_AUTOS = YES_AGGRESSIVE;
				GCC_WARN_UNUSED_FUNCTION = YES;
				GCC_WARN_UNUSED_VARIABLE = YES;
				IPHONEOS_DEPLOYMENT_TARGET = 14.0;
				MTL_ENABLE_DEBUG_INFO = NO;
				MTL_FAST_MATH = YES;
				SDKROOT = iphoneos;
				VALIDATE_PRODUCT = YES;
			};
			name = Profile;
		};
		0A1F42F82530E002000D532F /* Profile */ = {
			isa = XCBuildConfiguration;
			baseConfigurationReference = 738E91979E75A7653607E420 /* Pods-DoubleEngine.profile.xcconfig */;
			buildSettings = {
				ASSETCATALOG_COMPILER_APPICON_NAME = AppIcon;
				ASSETCATALOG_COMPILER_GLOBAL_ACCENT_COLOR_NAME = AccentColor;
				CODE_SIGN_STYLE = Automatic;
				DEVELOPMENT_TEAM = "";
				INFOPLIST_FILE = DoubleEngine/Info.plist;
				IPHONEOS_DEPLOYMENT_TARGET = 13.0;
				LD_RUNPATH_SEARCH_PATHS = (
					"$(inherited)",
					"@executable_path/Frameworks",
				);
				PRODUCT_BUNDLE_IDENTIFIER = dev.flutter.DoubleEngine;
				PRODUCT_NAME = "$(TARGET_NAME)";
				TARGETED_DEVICE_FAMILY = "1,2";
			};
			name = Profile;
		};
		0D434089252BB57B0025D600 /* Debug */ = {
			isa = XCBuildConfiguration;
			buildSettings = {
				ALWAYS_SEARCH_USER_PATHS = NO;
				CLANG_ANALYZER_NONNULL = YES;
				CLANG_ANALYZER_NUMBER_OBJECT_CONVERSION = YES_AGGRESSIVE;
				CLANG_CXX_LANGUAGE_STANDARD = "gnu++14";
				CLANG_CXX_LIBRARY = "libc++";
				CLANG_ENABLE_MODULES = YES;
				CLANG_ENABLE_OBJC_ARC = YES;
				CLANG_ENABLE_OBJC_WEAK = YES;
				CLANG_WARN_BLOCK_CAPTURE_AUTORELEASING = YES;
				CLANG_WARN_BOOL_CONVERSION = YES;
				CLANG_WARN_COMMA = YES;
				CLANG_WARN_CONSTANT_CONVERSION = YES;
				CLANG_WARN_DEPRECATED_OBJC_IMPLEMENTATIONS = YES;
				CLANG_WARN_DIRECT_OBJC_ISA_USAGE = YES_ERROR;
				CLANG_WARN_DOCUMENTATION_COMMENTS = YES;
				CLANG_WARN_EMPTY_BODY = YES;
				CLANG_WARN_ENUM_CONVERSION = YES;
				CLANG_WARN_INFINITE_RECURSION = YES;
				CLANG_WARN_INT_CONVERSION = YES;
				CLANG_WARN_NON_LITERAL_NULL_CONVERSION = YES;
				CLANG_WARN_OBJC_IMPLICIT_RETAIN_SELF = YES;
				CLANG_WARN_OBJC_LITERAL_CONVERSION = YES;
				CLANG_WARN_OBJC_ROOT_CLASS = YES_ERROR;
				CLANG_WARN_QUOTED_INCLUDE_IN_FRAMEWORK_HEADER = YES;
				CLANG_WARN_RANGE_LOOP_ANALYSIS = YES;
				CLANG_WARN_STRICT_PROTOTYPES = YES;
				CLANG_WARN_SUSPICIOUS_MOVE = YES;
				CLANG_WARN_UNGUARDED_AVAILABILITY = YES_AGGRESSIVE;
				CLANG_WARN_UNREACHABLE_CODE = YES;
				CLANG_WARN__DUPLICATE_METHOD_MATCH = YES;
				COPY_PHASE_STRIP = NO;
				DEBUG_INFORMATION_FORMAT = dwarf;
				ENABLE_STRICT_OBJC_MSGSEND = YES;
				ENABLE_TESTABILITY = YES;
				GCC_C_LANGUAGE_STANDARD = gnu11;
				GCC_DYNAMIC_NO_PIC = NO;
				GCC_NO_COMMON_BLOCKS = YES;
				GCC_OPTIMIZATION_LEVEL = 0;
				GCC_PREPROCESSOR_DEFINITIONS = (
					"DEBUG=1",
					"$(inherited)",
				);
				GCC_WARN_64_TO_32_BIT_CONVERSION = YES;
				GCC_WARN_ABOUT_RETURN_TYPE = YES_ERROR;
				GCC_WARN_UNDECLARED_SELECTOR = YES;
				GCC_WARN_UNINITIALIZED_AUTOS = YES_AGGRESSIVE;
				GCC_WARN_UNUSED_FUNCTION = YES;
				GCC_WARN_UNUSED_VARIABLE = YES;
				IPHONEOS_DEPLOYMENT_TARGET = 14.0;
				MTL_ENABLE_DEBUG_INFO = INCLUDE_SOURCE;
				MTL_FAST_MATH = YES;
				ONLY_ACTIVE_ARCH = YES;
				SDKROOT = iphoneos;
			};
			name = Debug;
		};
		0D43408A252BB57B0025D600 /* Release */ = {
			isa = XCBuildConfiguration;
			buildSettings = {
				ALWAYS_SEARCH_USER_PATHS = NO;
				CLANG_ANALYZER_NONNULL = YES;
				CLANG_ANALYZER_NUMBER_OBJECT_CONVERSION = YES_AGGRESSIVE;
				CLANG_CXX_LANGUAGE_STANDARD = "gnu++14";
				CLANG_CXX_LIBRARY = "libc++";
				CLANG_ENABLE_MODULES = YES;
				CLANG_ENABLE_OBJC_ARC = YES;
				CLANG_ENABLE_OBJC_WEAK = YES;
				CLANG_WARN_BLOCK_CAPTURE_AUTORELEASING = YES;
				CLANG_WARN_BOOL_CONVERSION = YES;
				CLANG_WARN_COMMA = YES;
				CLANG_WARN_CONSTANT_CONVERSION = YES;
				CLANG_WARN_DEPRECATED_OBJC_IMPLEMENTATIONS = YES;
				CLANG_WARN_DIRECT_OBJC_ISA_USAGE = YES_ERROR;
				CLANG_WARN_DOCUMENTATION_COMMENTS = YES;
				CLANG_WARN_EMPTY_BODY = YES;
				CLANG_WARN_ENUM_CONVERSION = YES;
				CLANG_WARN_INFINITE_RECURSION = YES;
				CLANG_WARN_INT_CONVERSION = YES;
				CLANG_WARN_NON_LITERAL_NULL_CONVERSION = YES;
				CLANG_WARN_OBJC_IMPLICIT_RETAIN_SELF = YES;
				CLANG_WARN_OBJC_LITERAL_CONVERSION = YES;
				CLANG_WARN_OBJC_ROOT_CLASS = YES_ERROR;
				CLANG_WARN_QUOTED_INCLUDE_IN_FRAMEWORK_HEADER = YES;
				CLANG_WARN_RANGE_LOOP_ANALYSIS = YES;
				CLANG_WARN_STRICT_PROTOTYPES = YES;
				CLANG_WARN_SUSPICIOUS_MOVE = YES;
				CLANG_WARN_UNGUARDED_AVAILABILITY = YES_AGGRESSIVE;
				CLANG_WARN_UNREACHABLE_CODE = YES;
				CLANG_WARN__DUPLICATE_METHOD_MATCH = YES;
				COPY_PHASE_STRIP = NO;
				DEBUG_INFORMATION_FORMAT = "dwarf-with-dsym";
				ENABLE_NS_ASSERTIONS = NO;
				ENABLE_STRICT_OBJC_MSGSEND = YES;
				GCC_C_LANGUAGE_STANDARD = gnu11;
				GCC_NO_COMMON_BLOCKS = YES;
				GCC_WARN_64_TO_32_BIT_CONVERSION = YES;
				GCC_WARN_ABOUT_RETURN_TYPE = YES_ERROR;
				GCC_WARN_UNDECLARED_SELECTOR = YES;
				GCC_WARN_UNINITIALIZED_AUTOS = YES_AGGRESSIVE;
				GCC_WARN_UNUSED_FUNCTION = YES;
				GCC_WARN_UNUSED_VARIABLE = YES;
				IPHONEOS_DEPLOYMENT_TARGET = 14.0;
				MTL_ENABLE_DEBUG_INFO = NO;
				MTL_FAST_MATH = YES;
				SDKROOT = iphoneos;
				VALIDATE_PRODUCT = YES;
			};
			name = Release;
		};
		0D43408C252BB57B0025D600 /* Debug */ = {
			isa = XCBuildConfiguration;
			baseConfigurationReference = 1287EF927D7B03D6286DA90E /* Pods-DoubleEngine.debug.xcconfig */;
			buildSettings = {
				ASSETCATALOG_COMPILER_APPICON_NAME = AppIcon;
				ASSETCATALOG_COMPILER_GLOBAL_ACCENT_COLOR_NAME = AccentColor;
				CODE_SIGN_STYLE = Automatic;
				DEVELOPMENT_TEAM = "";
				INFOPLIST_FILE = DoubleEngine/Info.plist;
				IPHONEOS_DEPLOYMENT_TARGET = 13.0;
				LD_RUNPATH_SEARCH_PATHS = (
					"$(inherited)",
					"@executable_path/Frameworks",
				);
				PRODUCT_BUNDLE_IDENTIFIER = dev.flutter.DoubleEngine;
				PRODUCT_NAME = "$(TARGET_NAME)";
				TARGETED_DEVICE_FAMILY = "1,2";
			};
			name = Debug;
		};
		0D43408D252BB57B0025D600 /* Release */ = {
			isa = XCBuildConfiguration;
			baseConfigurationReference = 77FFAD3D2B40898803EC6AFA /* Pods-DoubleEngine.release.xcconfig */;
			buildSettings = {
				ASSETCATALOG_COMPILER_APPICON_NAME = AppIcon;
				ASSETCATALOG_COMPILER_GLOBAL_ACCENT_COLOR_NAME = AccentColor;
				CODE_SIGN_STYLE = Automatic;
				DEVELOPMENT_TEAM = "";
				INFOPLIST_FILE = DoubleEngine/Info.plist;
				IPHONEOS_DEPLOYMENT_TARGET = 13.0;
				LD_RUNPATH_SEARCH_PATHS = (
					"$(inherited)",
					"@executable_path/Frameworks",
				);
				PRODUCT_BUNDLE_IDENTIFIER = dev.flutter.DoubleEngine;
				PRODUCT_NAME = "$(TARGET_NAME)";
				TARGETED_DEVICE_FAMILY = "1,2";
			};
			name = Release;
		};
/* End XCBuildConfiguration section */

/* Begin XCConfigurationList section */
		0D43406D252BB57A0025D600 /* Build configuration list for PBXProject "DoubleEngine" */ = {
			isa = XCConfigurationList;
			buildConfigurations = (
				0D434089252BB57B0025D600 /* Debug */,
				0D43408A252BB57B0025D600 /* Release */,
				0A1F42F72530E002000D532F /* Profile */,
			);
			defaultConfigurationIsVisible = 0;
			defaultConfigurationName = Release;
		};
		0D43408B252BB57B0025D600 /* Build configuration list for PBXNativeTarget "DoubleEngine" */ = {
			isa = XCConfigurationList;
			buildConfigurations = (
				0D43408C252BB57B0025D600 /* Debug */,
				0D43408D252BB57B0025D600 /* Release */,
				0A1F42F82530E002000D532F /* Profile */,
			);
			defaultConfigurationIsVisible = 0;
			defaultConfigurationName = Release;
		};
/* End XCConfigurationList section */
	};
	rootObject = 0D43406A252BB57A0025D600 /* Project object */;
}
